
Microsoft Visual Studio Solution File, Format Version 12.00
# Visual Studio 2017
Project("{FAE04EC0-301F-11D3-BF4B-00C04F79EFBC}") = "Monty-Dragon", "Monty-Dragon.csproj", "{11F4F4D6-06B4-8549-4390-422D5897197D}"
EndProject
Project("{FAE04EC0-301F-11D3-BF4B-00C04F79EFBC}") = "Monty-Dragon.Editor", "Monty-Dragon.Editor.csproj", "{7A554E3A-CE32-62B6-08FB-8CF095380211}"
EndProject
Global
	GlobalSection(SolutionConfigurationPlatforms) = preSolution
		Debug|Any CPU = Debug|Any CPU
		Release|Any CPU = Release|Any CPU
	EndGlobalSection
	GlobalSection(ProjectConfigurationPlatforms) = postSolution
		{11F4F4D6-06B4-8549-4390-422D5897197D}.Debug|Any CPU.ActiveCfg = Debug|Any CPU
		{11F4F4D6-06B4-8549-4390-422D5897197D}.Debug|Any CPU.Build.0 = Debug|Any CPU
		{11F4F4D6-06B4-8549-4390-422D5897197D}.Release|Any CPU.ActiveCfg = Release|Any CPU
		{11F4F4D6-06B4-8549-4390-422D5897197D}.Release|Any CPU.Build.0 = Release|Any CPU
		{7A554E3A-CE32-62B6-08FB-8CF095380211}.Debug|Any CPU.ActiveCfg = Debug|Any CPU
		{7A554E3A-CE32-62B6-08FB-8CF095380211}.Debug|Any CPU.Build.0 = Debug|Any CPU
		{7A554E3A-CE32-62B6-08FB-8CF095380211}.Release|Any CPU.ActiveCfg = Release|Any CPU
		{7A554E3A-CE32-62B6-08FB-8CF095380211}.Release|Any CPU.Build.0 = Release|Any CPU
	EndGlobalSection
	GlobalSection(SolutionProperties) = preSolution
		HideSolutionNode = FALSE
	EndGlobalSection
EndGlobal
